// !$*UTF8*$!
{
	archiveVersion = 1;
	classes = {
	};
	objectVersion = 46;
	objects = {

/* Begin PBXBuildFile section */
		0D7081EC212F973C00C32719 /* VoiceMainViewController.m in Sources */ = {isa = PBXBuildFile; fileRef = 0D7081E6212F973C00C32719 /* VoiceMainViewController.m */; };
		0D7081ED212F973C00C32719 /* VoiceToWordController.m in Sources */ = {isa = PBXBuildFile; fileRef = 0D7081E8212F973C00C32719 /* VoiceToWordController.m */; };
		0D7081EE212F973C00C32719 /* WordToVoiceController.m in Sources */ = {isa = PBXBuildFile; fileRef = 0D7081EA212F973C00C32719 /* WordToVoiceController.m */; };
		0DBF37EC205A5B6400AA90ED /* car_easy_add_loading_icon.png in Resources */ = {isa = PBXBuildFile; fileRef = 0DBF37EB205A5B6400AA90ED /* car_easy_add_loading_icon.png */; };
		0DBF37EE205A5B7700AA90ED /* icon8_6.png in Resources */ = {isa = PBXBuildFile; fileRef = 0DBF37ED205A5B7700AA90ED /* icon8_6.png */; };
		0DBF37F0205A5B7C00AA90ED /* icon8_5.png in Resources */ = {isa = PBXBuildFile; fileRef = 0DBF37EF205A5B7C00AA90ED /* icon8_5.png */; };
		0DBF380A205A5CDC00AA90ED /* car_easy_tabbar_service_press@3x.png in Resources */ = {isa = PBXBuildFile; fileRef = 0DBF37F2205A5CDA00AA90ED /* car_easy_tabbar_service_press@3x.png */; };
		0DBF380B205A5CDC00AA90ED /* car_easy_tabbar_hand_normal.png in Resources */ = {isa = PBXBuildFile; fileRef = 0DBF37F3205A5CDA00AA90ED /* car_easy_tabbar_hand_normal.png */; };
		0DBF380C205A5CDC00AA90ED /* car_easy_tabbar_service_normal.png in Resources */ = {isa = PBXBuildFile; fileRef = 0DBF37F4205A5CDA00AA90ED /* car_easy_tabbar_service_normal.png */; };
		0DBF380D205A5CDC00AA90ED /* car_easy_tabbar_service_press.png in Resources */ = {isa = PBXBuildFile; fileRef = 0DBF37F5205A5CDA00AA90ED /* car_easy_tabbar_service_press.png */; };
		0DBF380E205A5CDC00AA90ED /* car_easy_tabbar_hand_press@2x.png in Resources */ = {isa = PBXBuildFile; fileRef = 0DBF37F6205A5CDA00AA90ED /* car_easy_tabbar_hand_press@2x.png */; };
		0DBF380F205A5CDC00AA90ED /* car_easy_tabbar_hand_normal@3x.png in Resources */ = {isa = PBXBuildFile; fileRef = 0DBF37F7205A5CDA00AA90ED /* car_easy_tabbar_hand_normal@3x.png */; };
		0DBF3810205A5CDC00AA90ED /* car_easy_tabbar_hand_press@3x.png in Resources */ = {isa = PBXBuildFile; fileRef = 0DBF37F8205A5CDA00AA90ED /* car_easy_tabbar_hand_press@3x.png */; };
		0DBF3811205A5CDC00AA90ED /* car_easy_tabbar_travel_normal.png in Resources */ = {isa = PBXBuildFile; fileRef = 0DBF37F9205A5CDA00AA90ED /* car_easy_tabbar_travel_normal.png */; };
		0DBF3812205A5CDC00AA90ED /* car_easy_tabbar_realtime_normal@3x.png in Resources */ = {isa = PBXBuildFile; fileRef = 0DBF37FA205A5CDA00AA90ED /* car_easy_tabbar_realtime_normal@3x.png */; };
		0DBF3813205A5CDC00AA90ED /* car_easy_tabbar_travel_normal@2x.png in Resources */ = {isa = PBXBuildFile; fileRef = 0DBF37FB205A5CDA00AA90ED /* car_easy_tabbar_travel_normal@2x.png */; };
		0DBF3814205A5CDC00AA90ED /* car_easy_tabbar_travel_press@2x.png in Resources */ = {isa = PBXBuildFile; fileRef = 0DBF37FC205A5CDB00AA90ED /* car_easy_tabbar_travel_press@2x.png */; };
		0DBF3815205A5CDC00AA90ED /* car_easy_tabbar_travel_press@3x.png in Resources */ = {isa = PBXBuildFile; fileRef = 0DBF37FD205A5CDB00AA90ED /* car_easy_tabbar_travel_press@3x.png */; };
		0DBF3816205A5CDC00AA90ED /* car_easy_tabbar_realtime_press.png in Resources */ = {isa = PBXBuildFile; fileRef = 0DBF37FE205A5CDB00AA90ED /* car_easy_tabbar_realtime_press.png */; };
		0DBF3817205A5CDC00AA90ED /* car_easy_tabbar_hand_normal@2x.png in Resources */ = {isa = PBXBuildFile; fileRef = 0DBF37FF205A5CDB00AA90ED /* car_easy_tabbar_hand_normal@2x.png */; };
		0DBF3818205A5CDC00AA90ED /* car_easy_tabbar_hand_press.png in Resources */ = {isa = PBXBuildFile; fileRef = 0DBF3800205A5CDB00AA90ED /* car_easy_tabbar_hand_press.png */; };
		0DBF3819205A5CDC00AA90ED /* car_easy_tabbar_realtime_normal@2x.png in Resources */ = {isa = PBXBuildFile; fileRef = 0DBF3801205A5CDB00AA90ED /* car_easy_tabbar_realtime_normal@2x.png */; };
		0DBF381A205A5CDC00AA90ED /* car_easy_tabbar_service_normal@3x.png in Resources */ = {isa = PBXBuildFile; fileRef = 0DBF3802205A5CDB00AA90ED /* car_easy_tabbar_service_normal@3x.png */; };
		0DBF381B205A5CDC00AA90ED /* car_easy_tabbar_service_press@2x.png in Resources */ = {isa = PBXBuildFile; fileRef = 0DBF3803205A5CDB00AA90ED /* car_easy_tabbar_service_press@2x.png */; };
		0DBF381C205A5CDC00AA90ED /* car_easy_tabbar_travel_press.png in Resources */ = {isa = PBXBuildFile; fileRef = 0DBF3804205A5CDC00AA90ED /* car_easy_tabbar_travel_press.png */; };
		0DBF381D205A5CDC00AA90ED /* car_easy_tabbar_realtime_normal.png in Resources */ = {isa = PBXBuildFile; fileRef = 0DBF3805205A5CDC00AA90ED /* car_easy_tabbar_realtime_normal.png */; };
		0DBF381E205A5CDC00AA90ED /* car_easy_tabbar_service_normal@2x.png in Resources */ = {isa = PBXBuildFile; fileRef = 0DBF3806205A5CDC00AA90ED /* car_easy_tabbar_service_normal@2x.png */; };
		0DBF381F205A5CDC00AA90ED /* car_easy_tabbar_travel_normal@3x.png in Resources */ = {isa = PBXBuildFile; fileRef = 0DBF3807205A5CDC00AA90ED /* car_easy_tabbar_travel_normal@3x.png */; };
		0DBF3820205A5CDC00AA90ED /* car_easy_tabbar_realtime_press@2x.png in Resources */ = {isa = PBXBuildFile; fileRef = 0DBF3808205A5CDC00AA90ED /* car_easy_tabbar_realtime_press@2x.png */; };
		0DBF3821205A5CDC00AA90ED /* car_easy_tabbar_realtime_press@3x.png in Resources */ = {isa = PBXBuildFile; fileRef = 0DBF3809205A5CDC00AA90ED /* car_easy_tabbar_realtime_press@3x.png */; };
		0DBF3830205A633000AA90ED /* car_easy_nav_back_normal_blue.png in Resources */ = {isa = PBXBuildFile; fileRef = 0DBF382F205A633000AA90ED /* car_easy_nav_back_normal_blue.png */; };
		0DCCFDB51FCBFA340013CDC0 /* main.m in Sources */ = {isa = PBXBuildFile; fileRef = 0DCCFDB41FCBFA340013CDC0 /* main.m */; };
		0DCCFDBE1FCBFA340013CDC0 /* Main.storyboard in Resources */ = {isa = PBXBuildFile; fileRef = 0DCCFDBC1FCBFA340013CDC0 /* Main.storyboard */; };
		0DCCFDC01FCBFA340013CDC0 /* Assets.xcassets in Resources */ = {isa = PBXBuildFile; fileRef = 0DCCFDBF1FCBFA340013CDC0 /* Assets.xcassets */; };
		0DCCFDC31FCBFA340013CDC0 /* LaunchScreen.storyboard in Resources */ = {isa = PBXBuildFile; fileRef = 0DCCFDC11FCBFA340013CDC0 /* LaunchScreen.storyboard */; };
		0DCCFDCE1FCBFA340013CDC0 /* SecretAlbumTests.m in Sources */ = {isa = PBXBuildFile; fileRef = 0DCCFDCD1FCBFA340013CDC0 /* SecretAlbumTests.m */; };
		0DCCFDD91FCBFA340013CDC0 /* SecretAlbumUITests.m in Sources */ = {isa = PBXBuildFile; fileRef = 0DCCFDD81FCBFA340013CDC0 /* SecretAlbumUITests.m */; };
		0DF4282D212E421A00DB6090 /* icon1_3.png in Resources */ = {isa = PBXBuildFile; fileRef = 0DF4282C212E421A00DB6090 /* icon1_3.png */; };
		0DF42830212E617400DB6090 /* car_easy_list_control_checkbox_normal_left.png in Resources */ = {isa = PBXBuildFile; fileRef = 0DF4282E212E617400DB6090 /* car_easy_list_control_checkbox_normal_left.png */; };
		0DF42831212E617400DB6090 /* car_easy_list_control_checkbox_selected_left.png in Resources */ = {isa = PBXBuildFile; fileRef = 0DF4282F212E617400DB6090 /* car_easy_list_control_checkbox_selected_left.png */; };
		0DF4287C212EA20300DB6090 /* CenterViewController.m in Sources */ = {isa = PBXBuildFile; fileRef = 0DF42838212EA20300DB6090 /* CenterViewController.m */; };
		0DF4287D212EA20300DB6090 /* HomeMainViewController.m in Sources */ = {isa = PBXBuildFile; fileRef = 0DF4283B212EA20300DB6090 /* HomeMainViewController.m */; };
		0DF4287E212EA20300DB6090 /* HomeCollectionModel.m in Sources */ = {isa = PBXBuildFile; fileRef = 0DF4283C212EA20300DB6090 /* HomeCollectionModel.m */; };
		0DF4287F212EA20300DB6090 /* HomeCollectionViewCell.m in Sources */ = {isa = PBXBuildFile; fileRef = 0DF42840212EA20300DB6090 /* HomeCollectionViewCell.m */; };
		0DF42880212EA20300DB6090 /* UIButton+EdgeInsets.m in Sources */ = {isa = PBXBuildFile; fileRef = 0DF42844212EA20300DB6090 /* UIButton+EdgeInsets.m */; };
		0DF42881212EA20300DB6090 /* UIView+MJ.m in Sources */ = {isa = PBXBuildFile; fileRef = 0DF42846212EA20300DB6090 /* UIView+MJ.m */; };
		0DF42882212EA20300DB6090 /* Global.m in Sources */ = {isa = PBXBuildFile; fileRef = 0DF42848212EA20300DB6090 /* Global.m */; };
		0DF42883212EA20300DB6090 /* Message.m in Sources */ = {isa = PBXBuildFile; fileRef = 0DF42849212EA20300DB6090 /* Message.m */; };
		0DF42884212EA20300DB6090 /* VideoMainViewController.m in Sources */ = {isa = PBXBuildFile; fileRef = 0DF4284C212EA20300DB6090 /* VideoMainViewController.m */; };
		0DF42885212EA20300DB6090 /* TabBar.m in Sources */ = {isa = PBXBuildFile; fileRef = 0DF4284F212EA20300DB6090 /* TabBar.m */; };
		0DF42886212EA20300DB6090 /* RootTabBarController.m in Sources */ = {isa = PBXBuildFile; fileRef = 0DF42850212EA20300DB6090 /* RootTabBarController.m */; };
		0DF42887212EA20300DB6090 /* AppDelegate.m in Sources */ = {isa = PBXBuildFile; fileRef = 0DF42853212EA20300DB6090 /* AppDelegate.m */; };
		0DF42889212EA20300DB6090 /* UIImage+WebP.m in Sources */ = {isa = PBXBuildFile; fileRef = 0DF4285B212EA20300DB6090 /* UIImage+WebP.m */; };
		0DF4288A212EA20300DB6090 /* MKAnnotationView+WebCache.m in Sources */ = {isa = PBXBuildFile; fileRef = 0DF4285C212EA20300DB6090 /* MKAnnotationView+WebCache.m */; };
		0DF4288B212EA20300DB6090 /* SDWebImageManager.m in Sources */ = {isa = PBXBuildFile; fileRef = 0DF4285F212EA20300DB6090 /* SDWebImageManager.m */; };
		0DF4288C212EA20300DB6090 /* SDWebImageDecoder.m in Sources */ = {isa = PBXBuildFile; fileRef = 0DF42860212EA20300DB6090 /* SDWebImageDecoder.m */; };
		0DF4288D212EA20300DB6090 /* UIImageView+HighlightedWebCache.m in Sources */ = {isa = PBXBuildFile; fileRef = 0DF42862212EA20300DB6090 /* UIImageView+HighlightedWebCache.m */; };
		0DF4288E212EA20300DB6090 /* SDWebImageDownloader.m in Sources */ = {isa = PBXBuildFile; fileRef = 0DF42864212EA20300DB6090 /* SDWebImageDownloader.m */; };
		0DF4288F212EA20300DB6090 /* UIImage+GIF.m in Sources */ = {isa = PBXBuildFile; fileRef = 0DF42865212EA20300DB6090 /* UIImage+GIF.m */; };
		0DF42890212EA20300DB6090 /* UIImage+MultiFormat.m in Sources */ = {isa = PBXBuildFile; fileRef = 0DF42867212EA20300DB6090 /* UIImage+MultiFormat.m */; };
		0DF42891212EA20300DB6090 /* SDWebImageCompat.m in Sources */ = {isa = PBXBuildFile; fileRef = 0DF42868212EA20300DB6090 /* SDWebImageCompat.m */; };
		0DF42892212EA20300DB6090 /* SDWebImagePrefetcher.m in Sources */ = {isa = PBXBuildFile; fileRef = 0DF42869212EA20300DB6090 /* SDWebImagePrefetcher.m */; };
		0DF42893212EA20300DB6090 /* SDImageCache.m in Sources */ = {isa = PBXBuildFile; fileRef = 0DF4286D212EA20300DB6090 /* SDImageCache.m */; };
		0DF42894212EA20300DB6090 /* SDWebImageDownloaderOperation.m in Sources */ = {isa = PBXBuildFile; fileRef = 0DF4286F212EA20300DB6090 /* SDWebImageDownloaderOperation.m */; };
		0DF42895212EA20300DB6090 /* NSData+ImageContentType.m in Sources */ = {isa = PBXBuildFile; fileRef = 0DF42872212EA20300DB6090 /* NSData+ImageContentType.m */; };
		0DF42896212EA20300DB6090 /* UIImageView+WebCache.m in Sources */ = {isa = PBXBuildFile; fileRef = 0DF42873212EA20300DB6090 /* UIImageView+WebCache.m */; };
		0DF42897212EA20300DB6090 /* UIView+WebCacheOperation.m in Sources */ = {isa = PBXBuildFile; fileRef = 0DF42876212EA20300DB6090 /* UIView+WebCacheOperation.m */; };
		0DF42898212EA20300DB6090 /* UIButton+WebCache.m in Sources */ = {isa = PBXBuildFile; fileRef = 0DF4287A212EA20300DB6090 /* UIButton+WebCache.m */; };
		0DF4289B212EA21E00DB6090 /* MyMainViewController.m in Sources */ = {isa = PBXBuildFile; fileRef = 0DF4289A212EA21E00DB6090 /* MyMainViewController.m */; };
		0DF428A1212EA34300DB6090 /* YFLookImageView.m in Sources */ = {isa = PBXBuildFile; fileRef = 0DF428A0212EA34300DB6090 /* YFLookImageView.m */; };
		0DF428A3212EA8B500DB6090 /* iflyMSC.framework in Frameworks */ = {isa = PBXBuildFile; fileRef = 0DF428A2212EA8B500DB6090 /* iflyMSC.framework */; };
		0DF428AF212EB05D00DB6090 /* libz.tbd in Frameworks */ = {isa = PBXBuildFile; fileRef = 0DF428AE212EB05D00DB6090 /* libz.tbd */; };
		0DF428B1212EB06300DB6090 /* AVFoundation.framework in Frameworks */ = {isa = PBXBuildFile; fileRef = 0DF428B0212EB06300DB6090 /* AVFoundation.framework */; };
		0DF428B3212EB06A00DB6090 /* SystemConfiguration.framework in Frameworks */ = {isa = PBXBuildFile; fileRef = 0DF428B2212EB06A00DB6090 /* SystemConfiguration.framework */; };
		0DF428B5212EB07000DB6090 /* Foundation.framework in Frameworks */ = {isa = PBXBuildFile; fileRef = 0DF428B4212EB07000DB6090 /* Foundation.framework */; };
		0DF428B7212EB07900DB6090 /* CoreTelephony.framework in Frameworks */ = {isa = PBXBuildFile; fileRef = 0DF428B6212EB07900DB6090 /* CoreTelephony.framework */; };
		0DF428B9212EB08000DB6090 /* AudioToolbox.framework in Frameworks */ = {isa = PBXBuildFile; fileRef = 0DF428B8212EB08000DB6090 /* AudioToolbox.framework */; };
		0DF428BB212EB08600DB6090 /* UIKit.framework in Frameworks */ = {isa = PBXBuildFile; fileRef = 0DF428BA212EB08600DB6090 /* UIKit.framework */; };
		0DF428BD212EB08F00DB6090 /* CoreLocation.framework in Frameworks */ = {isa = PBXBuildFile; fileRef = 0DF428BC212EB08E00DB6090 /* CoreLocation.framework */; };
		0DF428BF212EB09900DB6090 /* Contacts.framework in Frameworks */ = {isa = PBXBuildFile; fileRef = 0DF428BE212EB09900DB6090 /* Contacts.framework */; };
		0DF428C1212EB0A100DB6090 /* AddressBook.framework in Frameworks */ = {isa = PBXBuildFile; fileRef = 0DF428C0212EB0A100DB6090 /* AddressBook.framework */; };
		0DF428C3212EB0A800DB6090 /* QuartzCore.framework in Frameworks */ = {isa = PBXBuildFile; fileRef = 0DF428C2212EB0A800DB6090 /* QuartzCore.framework */; };
		0DF428C5212EB0B000DB6090 /* CoreGraphics.framework in Frameworks */ = {isa = PBXBuildFile; fileRef = 0DF428C4212EB0B000DB6090 /* CoreGraphics.framework */; };
		0DF428C7212EB0B900DB6090 /* libc++.tbd in Frameworks */ = {isa = PBXBuildFile; fileRef = 0DF428C6212EB0B900DB6090 /* libc++.tbd */; };
/* End PBXBuildFile section */

/* Begin PBXContainerItemProxy section */
		0DCCFDCA1FCBFA340013CDC0 /* PBXContainerItemProxy */ = {
			isa = PBXContainerItemProxy;
			containerPortal = 0DCCFDA81FCBFA340013CDC0 /* Project object */;
			proxyType = 1;
			remoteGlobalIDString = 0DCCFDAF1FCBFA340013CDC0;
			remoteInfo = SecretAlbum;
		};
		0DCCFDD51FCBFA340013CDC0 /* PBXContainerItemProxy */ = {
			isa = PBXContainerItemProxy;
			containerPortal = 0DCCFDA81FCBFA340013CDC0 /* Project object */;
			proxyType = 1;
			remoteGlobalIDString = 0DCCFDAF1FCBFA340013CDC0;
			remoteInfo = SecretAlbum;
		};
/* End PBXContainerItemProxy section */

/* Begin PBXFileReference section */
		0D7081E6212F973C00C32719 /* VoiceMainViewController.m */ = {isa = PBXFileReference; fileEncoding = 4; lastKnownFileType = sourcecode.c.objc; path = VoiceMainViewController.m; sourceTree = "<group>"; };
		0D7081E7212F973C00C32719 /* VoiceMainViewController.h */ = {isa = PBXFileReference; fileEncoding = 4; lastKnownFileType = sourcecode.c.h; path = VoiceMainViewController.h; sourceTree = "<group>"; };
		0D7081E8212F973C00C32719 /* VoiceToWordController.m */ = {isa = PBXFileReference; fileEncoding = 4; lastKnownFileType = sourcecode.c.objc; path = VoiceToWordController.m; sourceTree = "<group>"; };
		0D7081E9212F973C00C32719 /* WordToVoiceController.h */ = {isa = PBXFileReference; fileEncoding = 4; lastKnownFileType = sourcecode.c.h; path = WordToVoiceController.h; sourceTree = "<group>"; };
		0D7081EA212F973C00C32719 /* WordToVoiceController.m */ = {isa = PBXFileReference; fileEncoding = 4; lastKnownFileType = sourcecode.c.objc; path = WordToVoiceController.m; sourceTree = "<group>"; };
		0D7081EB212F973C00C32719 /* VoiceToWordController.h */ = {isa = PBXFileReference; fileEncoding = 4; lastKnownFileType = sourcecode.c.h; path = VoiceToWordController.h; sourceTree = "<group>"; };
		0DBF37EB205A5B6400AA90ED /* car_easy_add_loading_icon.png */ = {isa = PBXFileReference; lastKnownFileType = image.png; path = car_easy_add_loading_icon.png; sourceTree = "<group>"; };
		0DBF37ED205A5B7700AA90ED /* icon8_6.png */ = {isa = PBXFileReference; lastKnownFileType = image.png; path = icon8_6.png; sourceTree = "<group>"; };
		0DBF37EF205A5B7C00AA90ED /* icon8_5.png */ = {isa = PBXFileReference; lastKnownFileType = image.png; path = icon8_5.png; sourceTree = "<group>"; };
		0DBF37F2205A5CDA00AA90ED /* car_easy_tabbar_service_press@3x.png */ = {isa = PBXFileReference; lastKnownFileType = image.png; path = "car_easy_tabbar_service_press@3x.png"; sourceTree = "<group>"; };
		0DBF37F3205A5CDA00AA90ED /* car_easy_tabbar_hand_normal.png */ = {isa = PBXFileReference; lastKnownFileType = image.png; path = car_easy_tabbar_hand_normal.png; sourceTree = "<group>"; };
		0DBF37F4205A5CDA00AA90ED /* car_easy_tabbar_service_normal.png */ = {isa = PBXFileReference; lastKnownFileType = image.png; path = car_easy_tabbar_service_normal.png; sourceTree = "<group>"; };
		0DBF37F5205A5CDA00AA90ED /* car_easy_tabbar_service_press.png */ = {isa = PBXFileReference; lastKnownFileType = image.png; path = car_easy_tabbar_service_press.png; sourceTree = "<group>"; };
		0DBF37F6205A5CDA00AA90ED /* car_easy_tabbar_hand_press@2x.png */ = {isa = PBXFileReference; lastKnownFileType = image.png; path = "car_easy_tabbar_hand_press@2x.png"; sourceTree = "<group>"; };
		0DBF37F7205A5CDA00AA90ED /* car_easy_tabbar_hand_normal@3x.png */ = {isa = PBXFileReference; lastKnownFileType = image.png; path = "car_easy_tabbar_hand_normal@3x.png"; sourceTree = "<group>"; };
		0DBF37F8205A5CDA00AA90ED /* car_easy_tabbar_hand_press@3x.png */ = {isa = PBXFileReference; lastKnownFileType = image.png; path = "car_easy_tabbar_hand_press@3x.png"; sourceTree = "<group>"; };
		0DBF37F9205A5CDA00AA90ED /* car_easy_tabbar_travel_normal.png */ = {isa = PBXFileReference; lastKnownFileType = image.png; path = car_easy_tabbar_travel_normal.png; sourceTree = "<group>"; };
		0DBF37FA205A5CDA00AA90ED /* car_easy_tabbar_realtime_normal@3x.png */ = {isa = PBXFileReference; lastKnownFileType = image.png; path = "car_easy_tabbar_realtime_normal@3x.png"; sourceTree = "<group>"; };
		0DBF37FB205A5CDA00AA90ED /* car_easy_tabbar_travel_normal@2x.png */ = {isa = PBXFileReference; lastKnownFileType = image.png; path = "car_easy_tabbar_travel_normal@2x.png"; sourceTree = "<group>"; };
		0DBF37FC205A5CDB00AA90ED /* car_easy_tabbar_travel_press@2x.png */ = {isa = PBXFileReference; lastKnownFileType = image.png; path = "car_easy_tabbar_travel_press@2x.png"; sourceTree = "<group>"; };
		0DBF37FD205A5CDB00AA90ED /* car_easy_tabbar_travel_press@3x.png */ = {isa = PBXFileReference; lastKnownFileType = image.png; path = "car_easy_tabbar_travel_press@3x.png"; sourceTree = "<group>"; };
		0DBF37FE205A5CDB00AA90ED /* car_easy_tabbar_realtime_press.png */ = {isa = PBXFileReference; lastKnownFileType = image.png; path = car_easy_tabbar_realtime_press.png; sourceTree = "<group>"; };
		0DBF37FF205A5CDB00AA90ED /* car_easy_tabbar_hand_normal@2x.png */ = {isa = PBXFileReference; lastKnownFileType = image.png; path = "car_easy_tabbar_hand_normal@2x.png"; sourceTree = "<group>"; };
		0DBF3800205A5CDB00AA90ED /* car_easy_tabbar_hand_press.png */ = {isa = PBXFileReference; lastKnownFileType = image.png; path = car_easy_tabbar_hand_press.png; sourceTree = "<group>"; };
		0DBF3801205A5CDB00AA90ED /* car_easy_tabbar_realtime_normal@2x.png */ = {isa = PBXFileReference; lastKnownFileType = image.png; path = "car_easy_tabbar_realtime_normal@2x.png"; sourceTree = "<group>"; };
		0DBF3802205A5CDB00AA90ED /* car_easy_tabbar_service_normal@3x.png */ = {isa = PBXFileReference; lastKnownFileType = image.png; path = "car_easy_tabbar_service_normal@3x.png"; sourceTree = "<group>"; };
		0DBF3803205A5CDB00AA90ED /* car_easy_tabbar_service_press@2x.png */ = {isa = PBXFileReference; lastKnownFileType = image.png; path = "car_easy_tabbar_service_press@2x.png"; sourceTree = "<group>"; };
		0DBF3804205A5CDC00AA90ED /* car_easy_tabbar_travel_press.png */ = {isa = PBXFileReference; lastKnownFileType = image.png; path = car_easy_tabbar_travel_press.png; sourceTree = "<group>"; };
		0DBF3805205A5CDC00AA90ED /* car_easy_tabbar_realtime_normal.png */ = {isa = PBXFileReference; lastKnownFileType = image.png; path = car_easy_tabbar_realtime_normal.png; sourceTree = "<group>"; };
		0DBF3806205A5CDC00AA90ED /* car_easy_tabbar_service_normal@2x.png */ = {isa = PBXFileReference; lastKnownFileType = image.png; path = "car_easy_tabbar_service_normal@2x.png"; sourceTree = "<group>"; };
		0DBF3807205A5CDC00AA90ED /* car_easy_tabbar_travel_normal@3x.png */ = {isa = PBXFileReference; lastKnownFileType = image.png; path = "car_easy_tabbar_travel_normal@3x.png"; sourceTree = "<group>"; };
		0DBF3808205A5CDC00AA90ED /* car_easy_tabbar_realtime_press@2x.png */ = {isa = PBXFileReference; lastKnownFileType = image.png; path = "car_easy_tabbar_realtime_press@2x.png"; sourceTree = "<group>"; };
		0DBF3809205A5CDC00AA90ED /* car_easy_tabbar_realtime_press@3x.png */ = {isa = PBXFileReference; lastKnownFileType = image.png; path = "car_easy_tabbar_realtime_press@3x.png"; sourceTree = "<group>"; };
		0DBF382F205A633000AA90ED /* car_easy_nav_back_normal_blue.png */ = {isa = PBXFileReference; lastKnownFileType = image.png; path = car_easy_nav_back_normal_blue.png; sourceTree = "<group>"; };
		0DCCFDB01FCBFA340013CDC0 /* SecretAlbum.app */ = {isa = PBXFileReference; explicitFileType = wrapper.application; includeInIndex = 0; path = SecretAlbum.app; sourceTree = BUILT_PRODUCTS_DIR; };
		0DCCFDB41FCBFA340013CDC0 /* main.m */ = {isa = PBXFileReference; lastKnownFileType = sourcecode.c.objc; path = main.m; sourceTree = "<group>"; };
		0DCCFDBD1FCBFA340013CDC0 /* Base */ = {isa = PBXFileReference; lastKnownFileType = file.storyboard; name = Base; path = Base.lproj/Main.storyboard; sourceTree = "<group>"; };
		0DCCFDBF1FCBFA340013CDC0 /* Assets.xcassets */ = {isa = PBXFileReference; lastKnownFileType = folder.assetcatalog; path = Assets.xcassets; sourceTree = "<group>"; };
		0DCCFDC21FCBFA340013CDC0 /* Base */ = {isa = PBXFileReference; lastKnownFileType = file.storyboard; name = Base; path = Base.lproj/LaunchScreen.storyboard; sourceTree = "<group>"; };
		0DCCFDC41FCBFA340013CDC0 /* Info.plist */ = {isa = PBXFileReference; lastKnownFileType = text.plist.xml; path = Info.plist; sourceTree = "<group>"; };
		0DCCFDC91FCBFA340013CDC0 /* SecretAlbumTests.xctest */ = {isa = PBXFileReference; explicitFileType = wrapper.cfbundle; includeInIndex = 0; path = SecretAlbumTests.xctest; sourceTree = BUILT_PRODUCTS_DIR; };
		0DCCFDCD1FCBFA340013CDC0 /* SecretAlbumTests.m */ = {isa = PBXFileReference; lastKnownFileType = sourcecode.c.objc; path = SecretAlbumTests.m; sourceTree = "<group>"; };
		0DCCFDCF1FCBFA340013CDC0 /* Info.plist */ = {isa = PBXFileReference; lastKnownFileType = text.plist.xml; path = Info.plist; sourceTree = "<group>"; };
		0DCCFDD41FCBFA340013CDC0 /* SecretAlbumUITests.xctest */ = {isa = PBXFileReference; explicitFileType = wrapper.cfbundle; includeInIndex = 0; path = SecretAlbumUITests.xctest; sourceTree = BUILT_PRODUCTS_DIR; };
		0DCCFDD81FCBFA340013CDC0 /* SecretAlbumUITests.m */ = {isa = PBXFileReference; lastKnownFileType = sourcecode.c.objc; path = SecretAlbumUITests.m; sourceTree = "<group>"; };
		0DCCFDDA1FCBFA340013CDC0 /* Info.plist */ = {isa = PBXFileReference; lastKnownFileType = text.plist.xml; path = Info.plist; sourceTree = "<group>"; };
		0DF4282C212E421A00DB6090 /* icon1_3.png */ = {isa = PBXFileReference; lastKnownFileType = image.png; path = icon1_3.png; sourceTree = "<group>"; };
		0DF4282E212E617400DB6090 /* car_easy_list_control_checkbox_normal_left.png */ = {isa = PBXFileReference; lastKnownFileType = image.png; path = car_easy_list_control_checkbox_normal_left.png; sourceTree = "<group>"; };
		0DF4282F212E617400DB6090 /* car_easy_list_control_checkbox_selected_left.png */ = {isa = PBXFileReference; lastKnownFileType = image.png; path = car_easy_list_control_checkbox_selected_left.png; sourceTree = "<group>"; };
		0DF42838212EA20300DB6090 /* CenterViewController.m */ = {isa = PBXFileReference; fileEncoding = 4; lastKnownFileType = sourcecode.c.objc; path = CenterViewController.m; sourceTree = "<group>"; };
		0DF42839212EA20300DB6090 /* CenterViewController.h */ = {isa = PBXFileReference; fileEncoding = 4; lastKnownFileType = sourcecode.c.h; path = CenterViewController.h; sourceTree = "<group>"; };
		0DF4283B212EA20300DB6090 /* HomeMainViewController.m */ = {isa = PBXFileReference; fileEncoding = 4; lastKnownFileType = sourcecode.c.objc; path = HomeMainViewController.m; sourceTree = "<group>"; };
		0DF4283C212EA20300DB6090 /* HomeCollectionModel.m */ = {isa = PBXFileReference; fileEncoding = 4; lastKnownFileType = sourcecode.c.objc; path = HomeCollectionModel.m; sourceTree = "<group>"; };
		0DF4283D212EA20300DB6090 /* HomeCollectionViewCell.h */ = {isa = PBXFileReference; fileEncoding = 4; lastKnownFileType = sourcecode.c.h; path = HomeCollectionViewCell.h; sourceTree = "<group>"; };
		0DF4283E212EA20300DB6090 /* HomeMainViewController.h */ = {isa = PBXFileReference; fileEncoding = 4; lastKnownFileType = sourcecode.c.h; path = HomeMainViewController.h; sourceTree = "<group>"; };
		0DF4283F212EA20300DB6090 /* HomeCollectionModel.h */ = {isa = PBXFileReference; fileEncoding = 4; lastKnownFileType = sourcecode.c.h; path = HomeCollectionModel.h; sourceTree = "<group>"; };
		0DF42840212EA20300DB6090 /* HomeCollectionViewCell.m */ = {isa = PBXFileReference; fileEncoding = 4; lastKnownFileType = sourcecode.c.objc; path = HomeCollectionViewCell.m; sourceTree = "<group>"; };
		0DF42842212EA20300DB6090 /* UIView+MJ.h */ = {isa = PBXFileReference; fileEncoding = 4; lastKnownFileType = sourcecode.c.h; path = "UIView+MJ.h"; sourceTree = "<group>"; };
		0DF42843212EA20300DB6090 /* Global.h */ = {isa = PBXFileReference; fileEncoding = 4; lastKnownFileType = sourcecode.c.h; path = Global.h; sourceTree = "<group>"; };
		0DF42844212EA20300DB6090 /* UIButton+EdgeInsets.m */ = {isa = PBXFileReference; fileEncoding = 4; lastKnownFileType = sourcecode.c.objc; path = "UIButton+EdgeInsets.m"; sourceTree = "<group>"; };
		0DF42845212EA20300DB6090 /* Message.h */ = {isa = PBXFileReference; fileEncoding = 4; lastKnownFileType = sourcecode.c.h; path = Message.h; sourceTree = "<group>"; };
		0DF42846212EA20300DB6090 /* UIView+MJ.m */ = {isa = PBXFileReference; fileEncoding = 4; lastKnownFileType = sourcecode.c.objc; path = "UIView+MJ.m"; sourceTree = "<group>"; };
		0DF42847212EA20300DB6090 /* UIButton+EdgeInsets.h */ = {isa = PBXFileReference; fileEncoding = 4; lastKnownFileType = sourcecode.c.h; path = "UIButton+EdgeInsets.h"; sourceTree = "<group>"; };
		0DF42848212EA20300DB6090 /* Global.m */ = {isa = PBXFileReference; fileEncoding = 4; lastKnownFileType = sourcecode.c.objc; path = Global.m; sourceTree = "<group>"; };
		0DF42849212EA20300DB6090 /* Message.m */ = {isa = PBXFileReference; fileEncoding = 4; lastKnownFileType = sourcecode.c.objc; path = Message.m; sourceTree = "<group>"; };
		0DF4284B212EA20300DB6090 /* VideoMainViewController.h */ = {isa = PBXFileReference; fileEncoding = 4; lastKnownFileType = sourcecode.c.h; path = VideoMainViewController.h; sourceTree = "<group>"; };
		0DF4284C212EA20300DB6090 /* VideoMainViewController.m */ = {isa = PBXFileReference; fileEncoding = 4; lastKnownFileType = sourcecode.c.objc; path = VideoMainViewController.m; sourceTree = "<group>"; };
		0DF4284E212EA20300DB6090 /* AppDelegate.h */ = {isa = PBXFileReference; fileEncoding = 4; lastKnownFileType = sourcecode.c.h; path = AppDelegate.h; sourceTree = "<group>"; };
		0DF4284F212EA20300DB6090 /* TabBar.m */ = {isa = PBXFileReference; fileEncoding = 4; lastKnownFileType = sourcecode.c.objc; path = TabBar.m; sourceTree = "<group>"; };
		0DF42850212EA20300DB6090 /* RootTabBarController.m */ = {isa = PBXFileReference; fileEncoding = 4; lastKnownFileType = sourcecode.c.objc; path = RootTabBarController.m; sourceTree = "<group>"; };
		0DF42851212EA20300DB6090 /* RootTabBarController.h */ = {isa = PBXFileReference; fileEncoding = 4; lastKnownFileType = sourcecode.c.h; path = RootTabBarController.h; sourceTree = "<group>"; };
		0DF42852212EA20300DB6090 /* TabBar.h */ = {isa = PBXFileReference; fileEncoding = 4; lastKnownFileType = sourcecode.c.h; path = TabBar.h; sourceTree = "<group>"; };
		0DF42853212EA20300DB6090 /* AppDelegate.m */ = {isa = PBXFileReference; fileEncoding = 4; lastKnownFileType = sourcecode.c.objc; path = AppDelegate.m; sourceTree = "<group>"; };
		0DF42854212EA20300DB6090 /* PrefixHeader.pch */ = {isa = PBXFileReference; fileEncoding = 4; lastKnownFileType = sourcecode.c.h; path = PrefixHeader.pch; sourceTree = "<group>"; };
		0DF4285B212EA20300DB6090 /* UIImage+WebP.m */ = {isa = PBXFileReference; fileEncoding = 4; lastKnownFileType = sourcecode.c.objc; path = "UIImage+WebP.m"; sourceTree = "<group>"; };
		0DF4285C212EA20300DB6090 /* MKAnnotationView+WebCache.m */ = {isa = PBXFileReference; fileEncoding = 4; lastKnownFileType = sourcecode.c.objc; path = "MKAnnotationView+WebCache.m"; sourceTree = "<group>"; };
		0DF4285D212EA20300DB6090 /* UIImageView+WebCache.h */ = {isa = PBXFileReference; fileEncoding = 4; lastKnownFileType = sourcecode.c.h; path = "UIImageView+WebCache.h"; sourceTree = "<group>"; };
		0DF4285E212EA20300DB6090 /* NSData+ImageContentType.h */ = {isa = PBXFileReference; fileEncoding = 4; lastKnownFileType = sourcecode.c.h; path = "NSData+ImageContentType.h"; sourceTree = "<group>"; };
		0DF4285F212EA20300DB6090 /* SDWebImageManager.m */ = {isa = PBXFileReference; fileEncoding = 4; lastKnownFileType = sourcecode.c.objc; path = SDWebImageManager.m; sourceTree = "<group>"; };
		0DF42860212EA20300DB6090 /* SDWebImageDecoder.m */ = {isa = PBXFileReference; fileEncoding = 4; lastKnownFileType = sourcecode.c.objc; path = SDWebImageDecoder.m; sourceTree = "<group>"; };
		0DF42861212EA20300DB6090 /* SDWebImageDownloaderOperation.h */ = {isa = PBXFileReference; fileEncoding = 4; lastKnownFileType = sourcecode.c.h; path = SDWebImageDownloaderOperation.h; sourceTree = "<group>"; };
		0DF42862212EA20300DB6090 /* UIImageView+HighlightedWebCache.m */ = {isa = PBXFileReference; fileEncoding = 4; lastKnownFileType = sourcecode.c.objc; path = "UIImageView+HighlightedWebCache.m"; sourceTree = "<group>"; };
		0DF42863212EA20300DB6090 /* SDImageCache.h */ = {isa = PBXFileReference; fileEncoding = 4; lastKnownFileType = sourcecode.c.h; path = SDImageCache.h; sourceTree = "<group>"; };
		0DF42864212EA20300DB6090 /* SDWebImageDownloader.m */ = {isa = PBXFileReference; fileEncoding = 4; lastKnownFileType = sourcecode.c.objc; path = SDWebImageDownloader.m; sourceTree = "<group>"; };
		0DF42865212EA20300DB6090 /* UIImage+GIF.m */ = {isa = PBXFileReference; fileEncoding = 4; lastKnownFileType = sourcecode.c.objc; path = "UIImage+GIF.m"; sourceTree = "<group>"; };
		0DF42866212EA20300DB6090 /* UIButton+WebCache.h */ = {isa = PBXFileReference; fileEncoding = 4; lastKnownFileType = sourcecode.c.h; path = "UIButton+WebCache.h"; sourceTree = "<group>"; };
		0DF42867212EA20300DB6090 /* UIImage+MultiFormat.m */ = {isa = PBXFileReference; fileEncoding = 4; lastKnownFileType = sourcecode.c.objc; path = "UIImage+MultiFormat.m"; sourceTree = "<group>"; };
		0DF42868212EA20300DB6090 /* SDWebImageCompat.m */ = {isa = PBXFileReference; fileEncoding = 4; lastKnownFileType = sourcecode.c.objc; path = SDWebImageCompat.m; sourceTree = "<group>"; };
		0DF42869212EA20300DB6090 /* SDWebImagePrefetcher.m */ = {isa = PBXFileReference; fileEncoding = 4; lastKnownFileType = sourcecode.c.objc; path = SDWebImagePrefetcher.m; sourceTree = "<group>"; };
		0DF4286A212EA20300DB6090 /* UIView+WebCacheOperation.h */ = {isa = PBXFileReference; fileEncoding = 4; lastKnownFileType = sourcecode.c.h; path = "UIView+WebCacheOperation.h"; sourceTree = "<group>"; };
		0DF4286B212EA20300DB6090 /* MKAnnotationView+WebCache.h */ = {isa = PBXFileReference; fileEncoding = 4; lastKnownFileType = sourcecode.c.h; path = "MKAnnotationView+WebCache.h"; sourceTree = "<group>"; };
		0DF4286C212EA20300DB6090 /* UIImage+WebP.h */ = {isa = PBXFileReference; fileEncoding = 4; lastKnownFileType = sourcecode.c.h; path = "UIImage+WebP.h"; sourceTree = "<group>"; };
		0DF4286D212EA20300DB6090 /* SDImageCache.m */ = {isa = PBXFileReference; fileEncoding = 4; lastKnownFileType = sourcecode.c.objc; path = SDImageCache.m; sourceTree = "<group>"; };
		0DF4286E212EA20300DB6090 /* UIImageView+HighlightedWebCache.h */ = {isa = PBXFileReference; fileEncoding = 4; lastKnownFileType = sourcecode.c.h; path = "UIImageView+HighlightedWebCache.h"; sourceTree = "<group>"; };
		0DF4286F212EA20300DB6090 /* SDWebImageDownloaderOperation.m */ = {isa = PBXFileReference; fileEncoding = 4; lastKnownFileType = sourcecode.c.objc; path = SDWebImageDownloaderOperation.m; sourceTree = "<group>"; };
		0DF42870212EA20300DB6090 /* SDWebImageDecoder.h */ = {isa = PBXFileReference; fileEncoding = 4; lastKnownFileType = sourcecode.c.h; path = SDWebImageDecoder.h; sourceTree = "<group>"; };
		0DF42871212EA20300DB6090 /* SDWebImageManager.h */ = {isa = PBXFileReference; fileEncoding = 4; lastKnownFileType = sourcecode.c.h; path = SDWebImageManager.h; sourceTree = "<group>"; };
		0DF42872212EA20300DB6090 /* NSData+ImageContentType.m */ = {isa = PBXFileReference; fileEncoding = 4; lastKnownFileType = sourcecode.c.objc; path = "NSData+ImageContentType.m"; sourceTree = "<group>"; };
		0DF42873212EA20300DB6090 /* UIImageView+WebCache.m */ = {isa = PBXFileReference; fileEncoding = 4; lastKnownFileType = sourcecode.c.objc; path = "UIImageView+WebCache.m"; sourceTree = "<group>"; };
		0DF42874212EA20300DB6090 /* SDWebImageOperation.h */ = {isa = PBXFileReference; fileEncoding = 4; lastKnownFileType = sourcecode.c.h; path = SDWebImageOperation.h; sourceTree = "<group>"; };
		0DF42875212EA20300DB6090 /* SDWebImageDownloader.h */ = {isa = PBXFileReference; fileEncoding = 4; lastKnownFileType = sourcecode.c.h; path = SDWebImageDownloader.h; sourceTree = "<group>"; };
		0DF42876212EA20300DB6090 /* UIView+WebCacheOperation.m */ = {isa = PBXFileReference; fileEncoding = 4; lastKnownFileType = sourcecode.c.objc; path = "UIView+WebCacheOperation.m"; sourceTree = "<group>"; };
		0DF42877212EA20300DB6090 /* SDWebImagePrefetcher.h */ = {isa = PBXFileReference; fileEncoding = 4; lastKnownFileType = sourcecode.c.h; path = SDWebImagePrefetcher.h; sourceTree = "<group>"; };
		0DF42878212EA20300DB6090 /* SDWebImageCompat.h */ = {isa = PBXFileReference; fileEncoding = 4; lastKnownFileType = sourcecode.c.h; path = SDWebImageCompat.h; sourceTree = "<group>"; };
		0DF42879212EA20300DB6090 /* UIImage+MultiFormat.h */ = {isa = PBXFileReference; fileEncoding = 4; lastKnownFileType = sourcecode.c.h; path = "UIImage+MultiFormat.h"; sourceTree = "<group>"; };
		0DF4287A212EA20300DB6090 /* UIButton+WebCache.m */ = {isa = PBXFileReference; fileEncoding = 4; lastKnownFileType = sourcecode.c.objc; path = "UIButton+WebCache.m"; sourceTree = "<group>"; };
		0DF4287B212EA20300DB6090 /* UIImage+GIF.h */ = {isa = PBXFileReference; fileEncoding = 4; lastKnownFileType = sourcecode.c.h; path = "UIImage+GIF.h"; sourceTree = "<group>"; };
		0DF42899212EA21E00DB6090 /* MyMainViewController.h */ = {isa = PBXFileReference; fileEncoding = 4; lastKnownFileType = sourcecode.c.h; path = MyMainViewController.h; sourceTree = "<group>"; };
		0DF4289A212EA21E00DB6090 /* MyMainViewController.m */ = {isa = PBXFileReference; fileEncoding = 4; lastKnownFileType = sourcecode.c.objc; path = MyMainViewController.m; sourceTree = "<group>"; };
		0DF4289F212EA34300DB6090 /* YFLookImageView.h */ = {isa = PBXFileReference; fileEncoding = 4; lastKnownFileType = sourcecode.c.h; path = YFLookImageView.h; sourceTree = "<group>"; };
		0DF428A0212EA34300DB6090 /* YFLookImageView.m */ = {isa = PBXFileReference; fileEncoding = 4; lastKnownFileType = sourcecode.c.objc; path = YFLookImageView.m; sourceTree = "<group>"; };
		0DF428A2212EA8B500DB6090 /* iflyMSC.framework */ = {isa = PBXFileReference; lastKnownFileType = wrapper.framework; path = iflyMSC.framework; sourceTree = "<group>"; };
		0DF428AE212EB05D00DB6090 /* libz.tbd */ = {isa = PBXFileReference; lastKnownFileType = "sourcecode.text-based-dylib-definition"; name = libz.tbd; path = usr/lib/libz.tbd; sourceTree = SDKROOT; };
		0DF428B0212EB06300DB6090 /* AVFoundation.framework */ = {isa = PBXFileReference; lastKnownFileType = wrapper.framework; name = AVFoundation.framework; path = System/Library/Frameworks/AVFoundation.framework; sourceTree = SDKROOT; };
		0DF428B2212EB06A00DB6090 /* SystemConfiguration.framework */ = {isa = PBXFileReference; lastKnownFileType = wrapper.framework; name = SystemConfiguration.framework; path = System/Library/Frameworks/SystemConfiguration.framework; sourceTree = SDKROOT; };
		0DF428B4212EB07000DB6090 /* Foundation.framework */ = {isa = PBXFileReference; lastKnownFileType = wrapper.framework; name = Foundation.framework; path = System/Library/Frameworks/Foundation.framework; sourceTree = SDKROOT; };
		0DF428B6212EB07900DB6090 /* CoreTelephony.framework */ = {isa = PBXFileReference; lastKnownFileType = wrapper.framework; name = CoreTelephony.framework; path = System/Library/Frameworks/CoreTelephony.framework; sourceTree = SDKROOT; };
		0DF428B8212EB08000DB6090 /* AudioToolbox.framework */ = {isa = PBXFileReference; lastKnownFileType = wrapper.framework; name = AudioToolbox.framework; path = System/Library/Frameworks/AudioToolbox.framework; sourceTree = SDKROOT; };
		0DF428BA212EB08600DB6090 /* UIKit.framework */ = {isa = PBXFileReference; lastKnownFileType = wrapper.framework; name = UIKit.framework; path = System/Library/Frameworks/UIKit.framework; sourceTree = SDKROOT; };
		0DF428BC212EB08E00DB6090 /* CoreLocation.framework */ = {isa = PBXFileReference; lastKnownFileType = wrapper.framework; name = CoreLocation.framework; path = System/Library/Frameworks/CoreLocation.framework; sourceTree = SDKROOT; };
		0DF428BE212EB09900DB6090 /* Contacts.framework */ = {isa = PBXFileReference; lastKnownFileType = wrapper.framework; name = Contacts.framework; path = System/Library/Frameworks/Contacts.framework; sourceTree = SDKROOT; };
		0DF428C0212EB0A100DB6090 /* AddressBook.framework */ = {isa = PBXFileReference; lastKnownFileType = wrapper.framework; name = AddressBook.framework; path = System/Library/Frameworks/AddressBook.framework; sourceTree = SDKROOT; };
		0DF428C2212EB0A800DB6090 /* QuartzCore.framework */ = {isa = PBXFileReference; lastKnownFileType = wrapper.framework; name = QuartzCore.framework; path = System/Library/Frameworks/QuartzCore.framework; sourceTree = SDKROOT; };
		0DF428C4212EB0B000DB6090 /* CoreGraphics.framework */ = {isa = PBXFileReference; lastKnownFileType = wrapper.framework; name = CoreGraphics.framework; path = System/Library/Frameworks/CoreGraphics.framework; sourceTree = SDKROOT; };
		0DF428C6212EB0B900DB6090 /* libc++.tbd */ = {isa = PBXFileReference; lastKnownFileType = "sourcecode.text-based-dylib-definition"; name = "libc++.tbd"; path = "usr/lib/libc++.tbd"; sourceTree = SDKROOT; };
/* End PBXFileReference section */

/* Begin PBXFrameworksBuildPhase section */
		0DCCFDAD1FCBFA340013CDC0 /* Frameworks */ = {
			isa = PBXFrameworksBuildPhase;
			buildActionMask = 2147483647;
			files = (
				0DF428C7212EB0B900DB6090 /* libc++.tbd in Frameworks */,
				0DF428C5212EB0B000DB6090 /* CoreGraphics.framework in Frameworks */,
				0DF428C3212EB0A800DB6090 /* QuartzCore.framework in Frameworks */,
				0DF428C1212EB0A100DB6090 /* AddressBook.framework in Frameworks */,
				0DF428BF212EB09900DB6090 /* Contacts.framework in Frameworks */,
				0DF428BD212EB08F00DB6090 /* CoreLocation.framework in Frameworks */,
				0DF428BB212EB08600DB6090 /* UIKit.framework in Frameworks */,
				0DF428B9212EB08000DB6090 /* AudioToolbox.framework in Frameworks */,
				0DF428B7212EB07900DB6090 /* CoreTelephony.framework in Frameworks */,
				0DF428B5212EB07000DB6090 /* Foundation.framework in Frameworks */,
				0DF428B3212EB06A00DB6090 /* SystemConfiguration.framework in Frameworks */,
				0DF428B1212EB06300DB6090 /* AVFoundation.framework in Frameworks */,
				0DF428AF212EB05D00DB6090 /* libz.tbd in Frameworks */,
				0DF428A3212EA8B500DB6090 /* iflyMSC.framework in Frameworks */,
			);
			runOnlyForDeploymentPostprocessing = 0;
		};
		0DCCFDC61FCBFA340013CDC0 /* Frameworks */ = {
			isa = PBXFrameworksBuildPhase;
			buildActionMask = 2147483647;
			files = (
			);
			runOnlyForDeploymentPostprocessing = 0;
		};
		0DCCFDD11FCBFA340013CDC0 /* Frameworks */ = {
			isa = PBXFrameworksBuildPhase;
			buildActionMask = 2147483647;
			files = (
			);
			runOnlyForDeploymentPostprocessing = 0;
		};
/* End PBXFrameworksBuildPhase section */

/* Begin PBXGroup section */
		0D7081E5212F971500C32719 /* 语音 */ = {
			isa = PBXGroup;
			children = (
				0D7081E7212F973C00C32719 /* VoiceMainViewController.h */,
				0D7081E6212F973C00C32719 /* VoiceMainViewController.m */,
				0D7081EB212F973C00C32719 /* VoiceToWordController.h */,
				0D7081E8212F973C00C32719 /* VoiceToWordController.m */,
				0D7081E9212F973C00C32719 /* WordToVoiceController.h */,
				0D7081EA212F973C00C32719 /* WordToVoiceController.m */,
			);
			path = "语音";
			sourceTree = "<group>";
		};
		0DBF37EA205A5B5300AA90ED /* Source */ = {
			isa = PBXGroup;
			children = (
				0DF4282E212E617400DB6090 /* car_easy_list_control_checkbox_normal_left.png */,
				0DF4282F212E617400DB6090 /* car_easy_list_control_checkbox_selected_left.png */,
				0DF4282C212E421A00DB6090 /* icon1_3.png */,
				0DBF382F205A633000AA90ED /* car_easy_nav_back_normal_blue.png */,
				0DBF37EF205A5B7C00AA90ED /* icon8_5.png */,
				0DBF37ED205A5B7700AA90ED /* icon8_6.png */,
				0DBF37EB205A5B6400AA90ED /* car_easy_add_loading_icon.png */,
				0DBF37F1205A5C4800AA90ED /* TabBar图标 */,
			);
			path = Source;
			sourceTree = "<group>";
		};
		0DBF37F1205A5C4800AA90ED /* TabBar图标 */ = {
			isa = PBXGroup;
			children = (
				0DBF37F3205A5CDA00AA90ED /* car_easy_tabbar_hand_normal.png */,
				0DBF37FF205A5CDB00AA90ED /* car_easy_tabbar_hand_normal@2x.png */,
				0DBF37F7205A5CDA00AA90ED /* car_easy_tabbar_hand_normal@3x.png */,
				0DBF3800205A5CDB00AA90ED /* car_easy_tabbar_hand_press.png */,
				0DBF37F6205A5CDA00AA90ED /* car_easy_tabbar_hand_press@2x.png */,
				0DBF37F8205A5CDA00AA90ED /* car_easy_tabbar_hand_press@3x.png */,
				0DBF3805205A5CDC00AA90ED /* car_easy_tabbar_realtime_normal.png */,
				0DBF3801205A5CDB00AA90ED /* car_easy_tabbar_realtime_normal@2x.png */,
				0DBF37FA205A5CDA00AA90ED /* car_easy_tabbar_realtime_normal@3x.png */,
				0DBF37FE205A5CDB00AA90ED /* car_easy_tabbar_realtime_press.png */,
				0DBF3808205A5CDC00AA90ED /* car_easy_tabbar_realtime_press@2x.png */,
				0DBF3809205A5CDC00AA90ED /* car_easy_tabbar_realtime_press@3x.png */,
				0DBF37F4205A5CDA00AA90ED /* car_easy_tabbar_service_normal.png */,
				0DBF3806205A5CDC00AA90ED /* car_easy_tabbar_service_normal@2x.png */,
				0DBF3802205A5CDB00AA90ED /* car_easy_tabbar_service_normal@3x.png */,
				0DBF37F5205A5CDA00AA90ED /* car_easy_tabbar_service_press.png */,
				0DBF3803205A5CDB00AA90ED /* car_easy_tabbar_service_press@2x.png */,
				0DBF37F2205A5CDA00AA90ED /* car_easy_tabbar_service_press@3x.png */,
				0DBF37F9205A5CDA00AA90ED /* car_easy_tabbar_travel_normal.png */,
				0DBF37FB205A5CDA00AA90ED /* car_easy_tabbar_travel_normal@2x.png */,
				0DBF3807205A5CDC00AA90ED /* car_easy_tabbar_travel_normal@3x.png */,
				0DBF3804205A5CDC00AA90ED /* car_easy_tabbar_travel_press.png */,
				0DBF37FC205A5CDB00AA90ED /* car_easy_tabbar_travel_press@2x.png */,
				0DBF37FD205A5CDB00AA90ED /* car_easy_tabbar_travel_press@3x.png */,
			);
			path = "TabBar图标";
			sourceTree = "<group>";
		};
		0DCCFDA71FCBFA340013CDC0 = {
			isa = PBXGroup;
			children = (
				0DCCFDB21FCBFA340013CDC0 /* SecretAlbum */,
				0DCCFDCC1FCBFA340013CDC0 /* SecretAlbumTests */,
				0DCCFDD71FCBFA340013CDC0 /* SecretAlbumUITests */,
				0DCCFDB11FCBFA340013CDC0 /* Products */,
				0DF428AD212EB05D00DB6090 /* Frameworks */,
			);
			sourceTree = "<group>";
		};
		0DCCFDB11FCBFA340013CDC0 /* Products */ = {
			isa = PBXGroup;
			children = (
				0DCCFDB01FCBFA340013CDC0 /* SecretAlbum.app */,
				0DCCFDC91FCBFA340013CDC0 /* SecretAlbumTests.xctest */,
				0DCCFDD41FCBFA340013CDC0 /* SecretAlbumUITests.xctest */,
			);
			name = Products;
			sourceTree = "<group>";
		};
		0DCCFDB21FCBFA340013CDC0 /* SecretAlbum */ = {
			isa = PBXGroup;
			children = (
				0DF4284D212EA20300DB6090 /* 主框架 */,
				0DF4283A212EA20300DB6090 /* 首页 */,
				0DF4284A212EA20300DB6090 /* 视频 */,
				0DF42837212EA20300DB6090 /* 中间 */,
				0D7081E5212F971500C32719 /* 语音 */,
				0DF42832212E9E3900DB6090 /* 我的 */,
				0DF42859212EA20300DB6090 /* Lib */,
				0DF42841212EA20300DB6090 /* 工具 */,
				0DBF37EA205A5B5300AA90ED /* Source */,
				0DCCFDBC1FCBFA340013CDC0 /* Main.storyboard */,
				0DCCFDBF1FCBFA340013CDC0 /* Assets.xcassets */,
				0DCCFDC11FCBFA340013CDC0 /* LaunchScreen.storyboard */,
				0DCCFDC41FCBFA340013CDC0 /* Info.plist */,
				0DCCFDB31FCBFA340013CDC0 /* Supporting Files */,
			);
			path = SecretAlbum;
			sourceTree = "<group>";
		};
		0DCCFDB31FCBFA340013CDC0 /* Supporting Files */ = {
			isa = PBXGroup;
			children = (
				0DCCFDB41FCBFA340013CDC0 /* main.m */,
			);
			name = "Supporting Files";
			sourceTree = "<group>";
		};
		0DCCFDCC1FCBFA340013CDC0 /* SecretAlbumTests */ = {
			isa = PBXGroup;
			children = (
				0DCCFDCD1FCBFA340013CDC0 /* SecretAlbumTests.m */,
				0DCCFDCF1FCBFA340013CDC0 /* Info.plist */,
			);
			path = SecretAlbumTests;
			sourceTree = "<group>";
		};
		0DCCFDD71FCBFA340013CDC0 /* SecretAlbumUITests */ = {
			isa = PBXGroup;
			children = (
				0DCCFDD81FCBFA340013CDC0 /* SecretAlbumUITests.m */,
				0DCCFDDA1FCBFA340013CDC0 /* Info.plist */,
			);
			path = SecretAlbumUITests;
			sourceTree = "<group>";
		};
		0DF42832212E9E3900DB6090 /* 我的 */ = {
			isa = PBXGroup;
			children = (
				0DF42899212EA21E00DB6090 /* MyMainViewController.h */,
				0DF4289A212EA21E00DB6090 /* MyMainViewController.m */,
			);
			path = "我的";
			sourceTree = "<group>";
		};
		0DF42837212EA20300DB6090 /* 中间 */ = {
			isa = PBXGroup;
			children = (
				0DF42839212EA20300DB6090 /* CenterViewController.h */,
				0DF42838212EA20300DB6090 /* CenterViewController.m */,
			);
			path = "中间";
			sourceTree = "<group>";
		};
		0DF4283A212EA20300DB6090 /* 首页 */ = {
			isa = PBXGroup;
			children = (
				0DF4283E212EA20300DB6090 /* HomeMainViewController.h */,
				0DF4283B212EA20300DB6090 /* HomeMainViewController.m */,
				0DF4283D212EA20300DB6090 /* HomeCollectionViewCell.h */,
				0DF42840212EA20300DB6090 /* HomeCollectionViewCell.m */,
				0DF4283F212EA20300DB6090 /* HomeCollectionModel.h */,
				0DF4283C212EA20300DB6090 /* HomeCollectionModel.m */,
			);
			path = "首页";
			sourceTree = "<group>";
		};
		0DF42841212EA20300DB6090 /* 工具 */ = {
			isa = PBXGroup;
			children = (
				0DF42842212EA20300DB6090 /* UIView+MJ.h */,
				0DF42846212EA20300DB6090 /* UIView+MJ.m */,
				0DF42843212EA20300DB6090 /* Global.h */,
				0DF42848212EA20300DB6090 /* Global.m */,
				0DF4289F212EA34300DB6090 /* YFLookImageView.h */,
				0DF428A0212EA34300DB6090 /* YFLookImageView.m */,
				0DF42847212EA20300DB6090 /* UIButton+EdgeInsets.h */,
				0DF42844212EA20300DB6090 /* UIButton+EdgeInsets.m */,
				0DF42845212EA20300DB6090 /* Message.h */,
				0DF42849212EA20300DB6090 /* Message.m */,
			);
			path = "工具";
			sourceTree = "<group>";
		};
		0DF4284A212EA20300DB6090 /* 视频 */ = {
			isa = PBXGroup;
			children = (
				0DF4284B212EA20300DB6090 /* VideoMainViewController.h */,
				0DF4284C212EA20300DB6090 /* VideoMainViewController.m */,
			);
			path = "视频";
			sourceTree = "<group>";
		};
		0DF4284D212EA20300DB6090 /* 主框架 */ = {
			isa = PBXGroup;
			children = (
				0DF42854212EA20300DB6090 /* PrefixHeader.pch */,
				0DF4284E212EA20300DB6090 /* AppDelegate.h */,
				0DF42853212EA20300DB6090 /* AppDelegate.m */,
				0DF42852212EA20300DB6090 /* TabBar.h */,
				0DF4284F212EA20300DB6090 /* TabBar.m */,
				0DF42851212EA20300DB6090 /* RootTabBarController.h */,
				0DF42850212EA20300DB6090 /* RootTabBarController.m */,
			);
			path = "主框架";
			sourceTree = "<group>";
		};
		0DF42859212EA20300DB6090 /* Lib */ = {
			isa = PBXGroup;
			children = (
				0DF428A2212EA8B500DB6090 /* iflyMSC.framework */,
				0DF4285A212EA20300DB6090 /* SDWebImage */,
			);
			path = Lib;
			sourceTree = "<group>";
		};
		0DF4285A212EA20300DB6090 /* SDWebImage */ = {
			isa = PBXGroup;
			children = (
				0DF4285B212EA20300DB6090 /* UIImage+WebP.m */,
				0DF4285C212EA20300DB6090 /* MKAnnotationView+WebCache.m */,
				0DF4285D212EA20300DB6090 /* UIImageView+WebCache.h */,
				0DF4285E212EA20300DB6090 /* NSData+ImageContentType.h */,
				0DF4285F212EA20300DB6090 /* SDWebImageManager.m */,
				0DF42860212EA20300DB6090 /* SDWebImageDecoder.m */,
				0DF42861212EA20300DB6090 /* SDWebImageDownloaderOperation.h */,
				0DF42862212EA20300DB6090 /* UIImageView+HighlightedWebCache.m */,
				0DF42863212EA20300DB6090 /* SDImageCache.h */,
				0DF42864212EA20300DB6090 /* SDWebImageDownloader.m */,
				0DF42865212EA20300DB6090 /* UIImage+GIF.m */,
				0DF42866212EA20300DB6090 /* UIButton+WebCache.h */,
				0DF42867212EA20300DB6090 /* UIImage+MultiFormat.m */,
				0DF42868212EA20300DB6090 /* SDWebImageCompat.m */,
				0DF42869212EA20300DB6090 /* SDWebImagePrefetcher.m */,
				0DF4286A212EA20300DB6090 /* UIView+WebCacheOperation.h */,
				0DF4286B212EA20300DB6090 /* MKAnnotationView+WebCache.h */,
				0DF4286C212EA20300DB6090 /* UIImage+WebP.h */,
				0DF4286D212EA20300DB6090 /* SDImageCache.m */,
				0DF4286E212EA20300DB6090 /* UIImageView+HighlightedWebCache.h */,
				0DF4286F212EA20300DB6090 /* SDWebImageDownloaderOperation.m */,
				0DF42870212EA20300DB6090 /* SDWebImageDecoder.h */,
				0DF42871212EA20300DB6090 /* SDWebImageManager.h */,
				0DF42872212EA20300DB6090 /* NSData+ImageContentType.m */,
				0DF42873212EA20300DB6090 /* UIImageView+WebCache.m */,
				0DF42874212EA20300DB6090 /* SDWebImageOperation.h */,
				0DF42875212EA20300DB6090 /* SDWebImageDownloader.h */,
				0DF42876212EA20300DB6090 /* UIView+WebCacheOperation.m */,
				0DF42877212EA20300DB6090 /* SDWebImagePrefetcher.h */,
				0DF42878212EA20300DB6090 /* SDWebImageCompat.h */,
				0DF42879212EA20300DB6090 /* UIImage+MultiFormat.h */,
				0DF4287A212EA20300DB6090 /* UIButton+WebCache.m */,
				0DF4287B212EA20300DB6090 /* UIImage+GIF.h */,
			);
			path = SDWebImage;
			sourceTree = "<group>";
		};
		0DF428AD212EB05D00DB6090 /* Frameworks */ = {
			isa = PBXGroup;
			children = (
				0DF428C6212EB0B900DB6090 /* libc++.tbd */,
				0DF428C4212EB0B000DB6090 /* CoreGraphics.framework */,
				0DF428C2212EB0A800DB6090 /* QuartzCore.framework */,
				0DF428C0212EB0A100DB6090 /* AddressBook.framework */,
				0DF428BE212EB09900DB6090 /* Contacts.framework */,
				0DF428BC212EB08E00DB6090 /* CoreLocation.framework */,
				0DF428BA212EB08600DB6090 /* UIKit.framework */,
				0DF428B8212EB08000DB6090 /* AudioToolbox.framework */,
				0DF428B6212EB07900DB6090 /* CoreTelephony.framework */,
				0DF428B4212EB07000DB6090 /* Foundation.framework */,
				0DF428B2212EB06A00DB6090 /* SystemConfiguration.framework */,
				0DF428B0212EB06300DB6090 /* AVFoundation.framework */,
				0DF428AE212EB05D00DB6090 /* libz.tbd */,
			);
			name = Frameworks;
			sourceTree = "<group>";
		};
/* End PBXGroup section */

/* Begin PBXNativeTarget section */
		0DCCFDAF1FCBFA340013CDC0 /* SecretAlbum */ = {
			isa = PBXNativeTarget;
			buildConfigurationList = 0DCCFDDD1FCBFA340013CDC0 /* Build configuration list for PBXNativeTarget "SecretAlbum" */;
			buildPhases = (
				0DCCFDAC1FCBFA340013CDC0 /* Sources */,
				0DCCFDAD1FCBFA340013CDC0 /* Frameworks */,
				0DCCFDAE1FCBFA340013CDC0 /* Resources */,
			);
			buildRules = (
			);
			dependencies = (
			);
			name = SecretAlbum;
			productName = SecretAlbum;
			productReference = 0DCCFDB01FCBFA340013CDC0 /* SecretAlbum.app */;
			productType = "com.apple.product-type.application";
		};
		0DCCFDC81FCBFA340013CDC0 /* SecretAlbumTests */ = {
			isa = PBXNativeTarget;
			buildConfigurationList = 0DCCFDE01FCBFA340013CDC0 /* Build configuration list for PBXNativeTarget "SecretAlbumTests" */;
			buildPhases = (
				0DCCFDC51FCBFA340013CDC0 /* Sources */,
				0DCCFDC61FCBFA340013CDC0 /* Frameworks */,
				0DCCFDC71FCBFA340013CDC0 /* Resources */,
			);
			buildRules = (
			);
			dependencies = (
				0DCCFDCB1FCBFA340013CDC0 /* PBXTargetDependency */,
			);
			name = SecretAlbumTests;
			productName = SecretAlbumTests;
			productReference = 0DCCFDC91FCBFA340013CDC0 /* SecretAlbumTests.xctest */;
			productType = "com.apple.product-type.bundle.unit-test";
		};
		0DCCFDD31FCBFA340013CDC0 /* SecretAlbumUITests */ = {
			isa = PBXNativeTarget;
			buildConfigurationList = 0DCCFDE31FCBFA340013CDC0 /* Build configuration list for PBXNativeTarget "SecretAlbumUITests" */;
			buildPhases = (
				0DCCFDD01FCBFA340013CDC0 /* Sources */,
				0DCCFDD11FCBFA340013CDC0 /* Frameworks */,
				0DCCFDD21FCBFA340013CDC0 /* Resources */,
			);
			buildRules = (
			);
			dependencies = (
				0DCCFDD61FCBFA340013CDC0 /* PBXTargetDependency */,
			);
			name = SecretAlbumUITests;
			productName = SecretAlbumUITests;
			productReference = 0DCCFDD41FCBFA340013CDC0 /* SecretAlbumUITests.xctest */;
			productType = "com.apple.product-type.bundle.ui-testing";
		};
/* End PBXNativeTarget section */

/* Begin PBXProject section */
		0DCCFDA81FCBFA340013CDC0 /* Project object */ = {
			isa = PBXProject;
			attributes = {
				LastUpgradeCheck = 0820;
				ORGANIZATIONNAME = "zkml－wxj";
				TargetAttributes = {
					0DCCFDAF1FCBFA340013CDC0 = {
						CreatedOnToolsVersion = 8.2;
						DevelopmentTeam = MGEL6AKR69;
						ProvisioningStyle = Automatic;
					};
					0DCCFDC81FCBFA340013CDC0 = {
						CreatedOnToolsVersion = 8.2;
						ProvisioningStyle = Automatic;
						TestTargetID = 0DCCFDAF1FCBFA340013CDC0;
					};
					0DCCFDD31FCBFA340013CDC0 = {
						CreatedOnToolsVersion = 8.2;
						ProvisioningStyle = Automatic;
						TestTargetID = 0DCCFDAF1FCBFA340013CDC0;
					};
				};
			};
			buildConfigurationList = 0DCCFDAB1FCBFA340013CDC0 /* Build configuration list for PBXProject "SecretAlbum" */;
			compatibilityVersion = "Xcode 3.2";
			developmentRegion = English;
			hasScannedForEncodings = 0;
			knownRegions = (
				en,
				Base,
			);
			mainGroup = 0DCCFDA71FCBFA340013CDC0;
			productRefGroup = 0DCCFDB11FCBFA340013CDC0 /* Products */;
			projectDirPath = "";
			projectRoot = "";
			targets = (
				0DCCFDAF1FCBFA340013CDC0 /* SecretAlbum */,
				0DCCFDC81FCBFA340013CDC0 /* SecretAlbumTests */,
				0DCCFDD31FCBFA340013CDC0 /* SecretAlbumUITests */,
			);
		};
/* End PBXProject section */

/* Begin PBXResourcesBuildPhase section */
		0DCCFDAE1FCBFA340013CDC0 /* Resources */ = {
			isa = PBXResourcesBuildPhase;
			buildActionMask = 2147483647;
			files = (
				0DBF3820205A5CDC00AA90ED /* car_easy_tabbar_realtime_press@2x.png in Resources */,
				0DBF3815205A5CDC00AA90ED /* car_easy_tabbar_travel_press@3x.png in Resources */,
				0DBF3812205A5CDC00AA90ED /* car_easy_tabbar_realtime_normal@3x.png in Resources */,
				0DBF3821205A5CDC00AA90ED /* car_easy_tabbar_realtime_press@3x.png in Resources */,
				0DBF37EC205A5B6400AA90ED /* car_easy_add_loading_icon.png in Resources */,
				0DBF3817205A5CDC00AA90ED /* car_easy_tabbar_hand_normal@2x.png in Resources */,
				0DCCFDC31FCBFA340013CDC0 /* LaunchScreen.storyboard in Resources */,
				0DBF3810205A5CDC00AA90ED /* car_easy_tabbar_hand_press@3x.png in Resources */,
				0DBF3816205A5CDC00AA90ED /* car_easy_tabbar_realtime_press.png in Resources */,
				0DF42830212E617400DB6090 /* car_easy_list_control_checkbox_normal_left.png in Resources */,
				0DBF3811205A5CDC00AA90ED /* car_easy_tabbar_travel_normal.png in Resources */,
				0DF4282D212E421A00DB6090 /* icon1_3.png in Resources */,
				0DBF380A205A5CDC00AA90ED /* car_easy_tabbar_service_press@3x.png in Resources */,
				0DBF37EE205A5B7700AA90ED /* icon8_6.png in Resources */,
				0DCCFDC01FCBFA340013CDC0 /* Assets.xcassets in Resources */,
				0DBF3830205A633000AA90ED /* car_easy_nav_back_normal_blue.png in Resources */,
				0DBF3818205A5CDC00AA90ED /* car_easy_tabbar_hand_press.png in Resources */,
				0DBF381C205A5CDC00AA90ED /* car_easy_tabbar_travel_press.png in Resources */,
				0DBF3813205A5CDC00AA90ED /* car_easy_tabbar_travel_normal@2x.png in Resources */,
				0DBF380E205A5CDC00AA90ED /* car_easy_tabbar_hand_press@2x.png in Resources */,
				0DCCFDBE1FCBFA340013CDC0 /* Main.storyboard in Resources */,
				0DBF380D205A5CDC00AA90ED /* car_easy_tabbar_service_press.png in Resources */,
				0DBF380F205A5CDC00AA90ED /* car_easy_tabbar_hand_normal@3x.png in Resources */,
				0DF42831212E617400DB6090 /* car_easy_list_control_checkbox_selected_left.png in Resources */,
				0DBF381D205A5CDC00AA90ED /* car_easy_tabbar_realtime_normal.png in Resources */,
				0DBF3819205A5CDC00AA90ED /* car_easy_tabbar_realtime_normal@2x.png in Resources */,
				0DBF3814205A5CDC00AA90ED /* car_easy_tabbar_travel_press@2x.png in Resources */,
				0DBF381F205A5CDC00AA90ED /* car_easy_tabbar_travel_normal@3x.png in Resources */,
				0DBF381E205A5CDC00AA90ED /* car_easy_tabbar_service_normal@2x.png in Resources */,
				0DBF380B205A5CDC00AA90ED /* car_easy_tabbar_hand_normal.png in Resources */,
				0DBF381A205A5CDC00AA90ED /* car_easy_tabbar_service_normal@3x.png in Resources */,
				0DBF37F0205A5B7C00AA90ED /* icon8_5.png in Resources */,
				0DBF380C205A5CDC00AA90ED /* car_easy_tabbar_service_normal.png in Resources */,
				0DBF381B205A5CDC00AA90ED /* car_easy_tabbar_service_press@2x.png in Resources */,
			);
			runOnlyForDeploymentPostprocessing = 0;
		};
		0DCCFDC71FCBFA340013CDC0 /* Resources */ = {
			isa = PBXResourcesBuildPhase;
			buildActionMask = 2147483647;
			files = (
			);
			runOnlyForDeploymentPostprocessing = 0;
		};
		0DCCFDD21FCBFA340013CDC0 /* Resources */ = {
			isa = PBXResourcesBuildPhase;
			buildActionMask = 2147483647;
			files = (
			);
			runOnlyForDeploymentPostprocessing = 0;
		};
/* End PBXResourcesBuildPhase section */

/* Begin PBXSourcesBuildPhase section */
		0DCCFDAC1FCBFA340013CDC0 /* Sources */ = {
			isa = PBXSourcesBuildPhase;
			buildActionMask = 2147483647;
			files = (
				0DF4288F212EA20300DB6090 /* UIImage+GIF.m in Sources */,
				0DF42891212EA20300DB6090 /* SDWebImageCompat.m in Sources */,
				0DCCFDB51FCBFA340013CDC0 /* main.m in Sources */,
				0DF42884212EA20300DB6090 /* VideoMainViewController.m in Sources */,
				0DF42881212EA20300DB6090 /* UIView+MJ.m in Sources */,
				0DF4288B212EA20300DB6090 /* SDWebImageManager.m in Sources */,
				0DF42889212EA20300DB6090 /* UIImage+WebP.m in Sources */,
				0DF42885212EA20300DB6090 /* TabBar.m in Sources */,
				0DF42886212EA20300DB6090 /* RootTabBarController.m in Sources */,
				0DF4289B212EA21E00DB6090 /* MyMainViewController.m in Sources */,
				0DF4287E212EA20300DB6090 /* HomeCollectionModel.m in Sources */,
				0DF42887212EA20300DB6090 /* AppDelegate.m in Sources */,
				0DF42898212EA20300DB6090 /* UIButton+WebCache.m in Sources */,
				0DF4287C212EA20300DB6090 /* CenterViewController.m in Sources */,
				0DF42890212EA20300DB6090 /* UIImage+MultiFormat.m in Sources */,
				0DF42894212EA20300DB6090 /* SDWebImageDownloaderOperation.m in Sources */,
				0DF4288C212EA20300DB6090 /* SDWebImageDecoder.m in Sources */,
				0DF42892212EA20300DB6090 /* SDWebImagePrefetcher.m in Sources */,
				0DF42895212EA20300DB6090 /* NSData+ImageContentType.m in Sources */,
				0DF428A1212EA34300DB6090 /* YFLookImageView.m in Sources */,
				0DF42880212EA20300DB6090 /* UIButton+EdgeInsets.m in Sources */,
				0DF42882212EA20300DB6090 /* Global.m in Sources */,
				0DF42883212EA20300DB6090 /* Message.m in Sources */,
				0DF42897212EA20300DB6090 /* UIView+WebCacheOperation.m in Sources */,
				0DF4288A212EA20300DB6090 /* MKAnnotationView+WebCache.m in Sources */,
				0DF4287D212EA20300DB6090 /* HomeMainViewController.m in Sources */,
				0DF4288D212EA20300DB6090 /* UIImageView+HighlightedWebCache.m in Sources */,
				0DF42893212EA20300DB6090 /* SDImageCache.m in Sources */,
				0D7081ED212F973C00C32719 /* VoiceToWordController.m in Sources */,
				0DF42896212EA20300DB6090 /* UIImageView+WebCache.m in Sources */,
				0D7081EE212F973C00C32719 /* WordToVoiceController.m in Sources */,
				0DF4288E212EA20300DB6090 /* SDWebImageDownloader.m in Sources */,
				0DF4287F212EA20300DB6090 /* HomeCollectionViewCell.m in Sources */,
				0D7081EC212F973C00C32719 /* VoiceMainViewController.m in Sources */,
			);
			runOnlyForDeploymentPostprocessing = 0;
		};
		0DCCFDC51FCBFA340013CDC0 /* Sources */ = {
			isa = PBXSourcesBuildPhase;
			buildActionMask = 2147483647;
			files = (
				0DCCFDCE1FCBFA340013CDC0 /* SecretAlbumTests.m in Sources */,
			);
			runOnlyForDeploymentPostprocessing = 0;
		};
		0DCCFDD01FCBFA340013CDC0 /* Sources */ = {
			isa = PBXSourcesBuildPhase;
			buildActionMask = 2147483647;
			files = (
				0DCCFDD91FCBFA340013CDC0 /* SecretAlbumUITests.m in Sources */,
			);
			runOnlyForDeploymentPostprocessing = 0;
		};
/* End PBXSourcesBuildPhase section */

/* Begin PBXTargetDependency section */
		0DCCFDCB1FCBFA340013CDC0 /* PBXTargetDependency */ = {
			isa = PBXTargetDependency;
			target = 0DCCFDAF1FCBFA340013CDC0 /* SecretAlbum */;
			targetProxy = 0DCCFDCA1FCBFA340013CDC0 /* PBXContainerItemProxy */;
		};
		0DCCFDD61FCBFA340013CDC0 /* PBXTargetDependency */ = {
			isa = PBXTargetDependency;
			target = 0DCCFDAF1FCBFA340013CDC0 /* SecretAlbum */;
			targetProxy = 0DCCFDD51FCBFA340013CDC0 /* PBXContainerItemProxy */;
		};
/* End PBXTargetDependency section */

/* Begin PBXVariantGroup section */
		0DCCFDBC1FCBFA340013CDC0 /* Main.storyboard */ = {
			isa = PBXVariantGroup;
			children = (
				0DCCFDBD1FCBFA340013CDC0 /* Base */,
			);
			name = Main.storyboard;
			sourceTree = "<group>";
		};
		0DCCFDC11FCBFA340013CDC0 /* LaunchScreen.storyboard */ = {
			isa = PBXVariantGroup;
			children = (
				0DCCFDC21FCBFA340013CDC0 /* Base */,
			);
			name = LaunchScreen.storyboard;
			sourceTree = "<group>";
		};
/* End PBXVariantGroup section */

/* Begin XCBuildConfiguration section */
		0DCCFDDB1FCBFA340013CDC0 /* Debug */ = {
			isa = XCBuildConfiguration;
			buildSettings = {
				ALWAYS_SEARCH_USER_PATHS = NO;
				CLANG_ANALYZER_NONNULL = YES;
				CLANG_CXX_LANGUAGE_STANDARD = "gnu++0x";
				CLANG_CXX_LIBRARY = "libc++";
				CLANG_ENABLE_MODULES = YES;
				CLANG_ENABLE_OBJC_ARC = YES;
				CLANG_WARN_BOOL_CONVERSION = YES;
				CLANG_WARN_CONSTANT_CONVERSION = YES;
				CLANG_WARN_DIRECT_OBJC_ISA_USAGE = YES_ERROR;
				CLANG_WARN_DOCUMENTATION_COMMENTS = YES;
				CLANG_WARN_EMPTY_BODY = YES;
				CLANG_WARN_ENUM_CONVERSION = YES;
				CLANG_WARN_INFINITE_RECURSION = YES;
				CLANG_WARN_INT_CONVERSION = YES;
				CLANG_WARN_OBJC_ROOT_CLASS = YES_ERROR;
				CLANG_WARN_SUSPICIOUS_MOVE = YES;
				CLANG_WARN_UNREACHABLE_CODE = YES;
				CLANG_WARN__DUPLICATE_METHOD_MATCH = YES;
				"CODE_SIGN_IDENTITY[sdk=iphoneos*]" = "iPhone Developer";
				COPY_PHASE_STRIP = NO;
				DEBUG_INFORMATION_FORMAT = dwarf;
				ENABLE_STRICT_OBJC_MSGSEND = YES;
				ENABLE_TESTABILITY = YES;
				GCC_C_LANGUAGE_STANDARD = gnu99;
				GCC_DYNAMIC_NO_PIC = NO;
				GCC_NO_COMMON_BLOCKS = YES;
				GCC_OPTIMIZATION_LEVEL = 0;
				GCC_PREPROCESSOR_DEFINITIONS = (
					"DEBUG=1",
					"$(inherited)",
				);
				GCC_WARN_64_TO_32_BIT_CONVERSION = YES;
				GCC_WARN_ABOUT_RETURN_TYPE = YES_ERROR;
				GCC_WARN_UNDECLARED_SELECTOR = YES;
				GCC_WARN_UNINITIALIZED_AUTOS = YES_AGGRESSIVE;
				GCC_WARN_UNUSED_FUNCTION = YES;
				GCC_WARN_UNUSED_VARIABLE = YES;
				IPHONEOS_DEPLOYMENT_TARGET = 10.2;
				MTL_ENABLE_DEBUG_INFO = YES;
				ONLY_ACTIVE_ARCH = YES;
				SDKROOT = iphoneos;
				TARGETED_DEVICE_FAMILY = "1,2";
			};
			name = Debug;
		};
		0DCCFDDC1FCBFA340013CDC0 /* Release */ = {
			isa = XCBuildConfiguration;
			buildSettings = {
				ALWAYS_SEARCH_USER_PATHS = NO;
				CLANG_ANALYZER_NONNULL = YES;
				CLANG_CXX_LANGUAGE_STANDARD = "gnu++0x";
				CLANG_CXX_LIBRARY = "libc++";
				CLANG_ENABLE_MODULES = YES;
				CLANG_ENABLE_OBJC_ARC = YES;
				CLANG_WARN_BOOL_CONVERSION = YES;
				CLANG_WARN_CONSTANT_CONVERSION = YES;
				CLANG_WARN_DIRECT_OBJC_ISA_USAGE = YES_ERROR;
				CLANG_WARN_DOCUMENTATION_COMMENTS = YES;
				CLANG_WARN_EMPTY_BODY = YES;
				CLANG_WARN_ENUM_CONVERSION = YES;
				CLANG_WARN_INFINITE_RECURSION = YES;
				CLANG_WARN_INT_CONVERSION = YES;
				CLANG_WARN_OBJC_ROOT_CLASS = YES_ERROR;
				CLANG_WARN_SUSPICIOUS_MOVE = YES;
				CLANG_WARN_UNREACHABLE_CODE = YES;
				CLANG_WARN__DUPLICATE_METHOD_MATCH = YES;
				"CODE_SIGN_IDENTITY[sdk=iphoneos*]" = "iPhone Developer";
				COPY_PHASE_STRIP = NO;
				DEBUG_INFORMATION_FORMAT = "dwarf-with-dsym";
				ENABLE_NS_ASSERTIONS = NO;
				ENABLE_STRICT_OBJC_MSGSEND = YES;
				GCC_C_LANGUAGE_STANDARD = gnu99;
				GCC_NO_COMMON_BLOCKS = YES;
				GCC_WARN_64_TO_32_BIT_CONVERSION = YES;
				GCC_WARN_ABOUT_RETURN_TYPE = YES_ERROR;
				GCC_WARN_UNDECLARED_SELECTOR = YES;
				GCC_WARN_UNINITIALIZED_AUTOS = YES_AGGRESSIVE;
				GCC_WARN_UNUSED_FUNCTION = YES;
				GCC_WARN_UNUSED_VARIABLE = YES;
				IPHONEOS_DEPLOYMENT_TARGET = 10.2;
				MTL_ENABLE_DEBUG_INFO = NO;
				SDKROOT = iphoneos;
				TARGETED_DEVICE_FAMILY = "1,2";
				VALIDATE_PRODUCT = YES;
			};
			name = Release;
		};
		0DCCFDDE1FCBFA340013CDC0 /* Debug */ = {
			isa = XCBuildConfiguration;
			buildSettings = {
				ASSETCATALOG_COMPILER_APPICON_NAME = AppIcon;
				DEVELOPMENT_TEAM = MGEL6AKR69;
				ENABLE_BITCODE = NO;
				FRAMEWORK_SEARCH_PATHS = (
					"$(inherited)",
					"$(PROJECT_DIR)/SecretAlbum/Lib",
				);
				GCC_PREFIX_HEADER = "$(SRCROOT)/SecretAlbum/主框架/PrefixHeader.pch";
				INFOPLIST_FILE = SecretAlbum/Info.plist;
				IPHONEOS_DEPLOYMENT_TARGET = 8.0;
				LD_RUNPATH_SEARCH_PATHS = "$(inherited) @executable_path/Frameworks";
				PRODUCT_BUNDLE_IDENTIFIER = zkml.SecretAlbum;
				PRODUCT_NAME = "$(TARGET_NAME)";
			};
			name = Debug;
		};
		0DCCFDDF1FCBFA340013CDC0 /* Release */ = {
			isa = XCBuildConfiguration;
			buildSettings = {
				ASSETCATALOG_COMPILER_APPICON_NAME = AppIcon;
				DEVELOPMENT_TEAM = MGEL6AKR69;
				ENABLE_BITCODE = NO;
				FRAMEWORK_SEARCH_PATHS = (
					"$(inherited)",
					"$(PROJECT_DIR)/SecretAlbum/Lib",
				);
				GCC_PREFIX_HEADER = "$(SRCROOT)/SecretAlbum/主框架/PrefixHeader.pch";
				INFOPLIST_FILE = SecretAlbum/Info.plist;
				IPHONEOS_DEPLOYMENT_TARGET = 8.0;
				LD_RUNPATH_SEARCH_PATHS = "$(inherited) @executable_path/Frameworks";
				PRODUCT_BUNDLE_IDENTIFIER = zkml.SecretAlbum;
				PRODUCT_NAME = "$(TARGET_NAME)";
			};
			name = Release;
		};
		0DCCFDE11FCBFA340013CDC0 /* Debug */ = {
			isa = XCBuildConfiguration;
			buildSettings = {
				BUNDLE_LOADER = "$(TEST_HOST)";
				INFOPLIST_FILE = SecretAlbumTests/Info.plist;
				LD_RUNPATH_SEARCH_PATHS = "$(inherited) @executable_path/Frameworks @loader_path/Frameworks";
				PRODUCT_BUNDLE_IDENTIFIER = zkml.SecretAlbumTests;
				PRODUCT_NAME = "$(TARGET_NAME)";
				TEST_HOST = "$(BUILT_PRODUCTS_DIR)/SecretAlbum.app/SecretAlbum";
			};
			name = Debug;
		};
		0DCCFDE21FCBFA340013CDC0 /* Release */ = {
			isa = XCBuildConfiguration;
			buildSettings = {
				BUNDLE_LOADER = "$(TEST_HOST)";
				INFOPLIST_FILE = SecretAlbumTests/Info.plist;
				LD_RUNPATH_SEARCH_PATHS = "$(inherited) @executable_path/Frameworks @loader_path/Frameworks";
				PRODUCT_BUNDLE_IDENTIFIER = zkml.SecretAlbumTests;
				PRODUCT_NAME = "$(TARGET_NAME)";
				TEST_HOST = "$(BUILT_PRODUCTS_DIR)/SecretAlbum.app/SecretAlbum";
			};
			name = Release;
		};
		0DCCFDE41FCBFA340013CDC0 /* Debug */ = {
			isa = XCBuildConfiguration;
			buildSettings = {
				INFOPLIST_FILE = SecretAlbumUITests/Info.plist;
				LD_RUNPATH_SEARCH_PATHS = "$(inherited) @executable_path/Frameworks @loader_path/Frameworks";
				PRODUCT_BUNDLE_IDENTIFIER = zkml.SecretAlbumUITests;
				PRODUCT_NAME = "$(TARGET_NAME)";
				TEST_TARGET_NAME = SecretAlbum;
			};
			name = Debug;
		};
		0DCCFDE51FCBFA340013CDC0 /* Release */ = {
			isa = XCBuildConfiguration;
			buildSettings = {
				INFOPLIST_FILE = SecretAlbumUITests/Info.plist;
				LD_RUNPATH_SEARCH_PATHS = "$(inherited) @executable_path/Frameworks @loader_path/Frameworks";
				PRODUCT_BUNDLE_IDENTIFIER = zkml.SecretAlbumUITests;
				PRODUCT_NAME = "$(TARGET_NAME)";
				TEST_TARGET_NAME = SecretAlbum;
			};
			name = Release;
		};
/* End XCBuildConfiguration section */

/* Begin XCConfigurationList section */
		0DCCFDAB1FCBFA340013CDC0 /* Build configuration list for PBXProject "SecretAlbum" */ = {
			isa = XCConfigurationList;
			buildConfigurations = (
				0DCCFDDB1FCBFA340013CDC0 /* Debug */,
				0DCCFDDC1FCBFA340013CDC0 /* Release */,
			);
			defaultConfigurationIsVisible = 0;
			defaultConfigurationName = Release;
		};
		0DCCFDDD1FCBFA340013CDC0 /* Build configuration list for PBXNativeTarget "SecretAlbum" */ = {
			isa = XCConfigurationList;
			buildConfigurations = (
				0DCCFDDE1FCBFA340013CDC0 /* Debug */,
				0DCCFDDF1FCBFA340013CDC0 /* Release */,
			);
			defaultConfigurationIsVisible = 0;
			defaultConfigurationName = Release;
		};
		0DCCFDE01FCBFA340013CDC0 /* Build configuration list for PBXNativeTarget "SecretAlbumTests" */ = {
			isa = XCConfigurationList;
			buildConfigurations = (
				0DCCFDE11FCBFA340013CDC0 /* Debug */,
				0DCCFDE21FCBFA340013CDC0 /* Release */,
			);
			defaultConfigurationIsVisible = 0;
			defaultConfigurationName = Release;
		};
		0DCCFDE31FCBFA340013CDC0 /* Build configuration list for PBXNativeTarget "SecretAlbumUITests" */ = {
			isa = XCConfigurationList;
			buildConfigurations = (
				0DCCFDE41FCBFA340013CDC0 /* Debug */,
				0DCCFDE51FCBFA340013CDC0 /* Release */,
			);
			defaultConfigurationIsVisible = 0;
			defaultConfigurationName = Release;
		};
/* End XCConfigurationList section */
	};
	rootObject = 0DCCFDA81FCBFA340013CDC0 /* Project object */;
}
